
Microsoft Visual Studio Solution File, Format Version 12.00
# Visual Studio Version 16
VisualStudioVersion = 16.0.30330.147
MinimumVisualStudioVersion = 10.0.40219.1
Project("{159641D6-6404-4A2A-AE62-294DE0FE8301}") = "Sandbox_ETL", "Sandbox_ETL.dtproj", "{3ABB8ADA-650A-4004-A536-FB4AFCF70CFF}"
EndProject
Project("{2150E333-8FDC-42A3-9474-1A3956D46DE8}") = "Solution Items", "Solution Items", "{8A15DE7F-CECA-4770-AC87-CD133981EFD5}"
	ProjectSection(SolutionItems) = preProject
		Sandbox_ETL_Famous_AR_ADJ_DETAIL_Load.dtsx = Sandbox_ETL_Famous_AR_ADJ_DETAIL_Load.dtsx
	EndProjectSection
EndProject
Global
	GlobalSection(SolutionConfigurationPlatforms) = preSolution
		Development|Default = Development|Default
	EndGlobalSection
	GlobalSection(ProjectConfigurationPlatforms) = postSolution
		{3ABB8ADA-650A-4004-A536-FB4AFCF70CFF}.Development|Default.ActiveCfg = Development
		{3ABB8ADA-650A-4004-A536-FB4AFCF70CFF}.Development|Default.Build.0 = Development
	EndGlobalSection
	GlobalSection(SolutionProperties) = preSolution
		HideSolutionNode = FALSE
	EndGlobalSection
	GlobalSection(ExtensibilityGlobals) = postSolution
		SolutionGuid = {9B48F341-7B02-486F-B882-A6D50CB9BDA8}
	EndGlobalSection
EndGlobal
